
Microsoft Visual Studio Solution File, Format Version 12.00
# Visual Studio Version 16
VisualStudioVersion = 16.0.29911.84
MinimumVisualStudioVersion = 10.0.40219.1
Project("{9A19103F-16F7-4668-BE54-9A1E7A4F7556}") = "ExamMongoDB", "ExamMongoDB.csproj", "{876334FF-B690-440A-A2D2-811CB3C65FDB}"
EndProject
Global
	GlobalSection(SolutionConfigurationPlatforms) = preSolution
		Debug|Any CPU = Debug|Any CPU
		Release|Any CPU = Release|Any CPU
	EndGlobalSection
	GlobalSection(ProjectConfigurationPlatforms) = postSolution
		{876334FF-B690-440A-A2D2-811CB3C65FDB}.Debug|Any CPU.ActiveCfg = Release|Any CPU
		{876334FF-B690-440A-A2D2-811CB3C65FDB}.Debug|Any CPU.Build.0 = Release|Any CPU
		{876334FF-B690-440A-A2D2-811CB3C65FDB}.Release|Any CPU.ActiveCfg = Release|Any CPU
		{876334FF-B690-440A-A2D2-811CB3C65FDB}.Release|Any CPU.Build.0 = Release|Any CPU
	EndGlobalSection
	GlobalSection(SolutionProperties) = preSolution
		HideSolutionNode = FALSE
	EndGlobalSection
	GlobalSection(ExtensibilityGlobals) = postSolution
		SolutionGuid = {8E693C4A-F034-4290-BAB5-102A16DE3E2A}
	EndGlobalSection
EndGlobal
